<?xml version="1.0" encoding="utf-8"?>
<Project ToolsVersion="4.0" xmlns="http://schemas.microsoft.com/developer/msbuild/2003">
  <ItemGroup>
    <ClCompile Include="StardewValley.cpp" />
    <ClCompile Include="TitleLevel.cpp">
      <Filter>Level</Filter>
    </ClCompile>
    <ClCompile Include="TitleLogo.cpp">
      <Filter>Actor\Title</Filter>
    </ClCompile>
    <ClCompile Include="Monster.cpp">
      <Filter>Actor\Play</Filter>
    </ClCompile>
    <ClCompile Include="TitleBackGround.cpp">
      <Filter>Actor\Title</Filter>
    </ClCompile>
    <ClCompile Include="TitleCloud.cpp">
      <Filter>Actor\Title</Filter>
    </ClCompile>
    <ClCompile Include="MenuExit.cpp">
      <Filter>Actor\Title\Menu</Filter>
    </ClCompile>
    <ClCompile Include="MenuLoad.cpp">
      <Filter>Actor\Title\Menu</Filter>
    </ClCompile>
    <ClCompile Include="MenuNewGame.cpp">
      <Filter>Actor\Title\Menu</Filter>
    </ClCompile>
    <ClCompile Include="MainUI.cpp">
      <Filter>Actor\Play\Global\UI</Filter>
    </ClCompile>
    <ClCompile Include="PlayerEnergyFrame.cpp">
      <Filter>Actor\Play\Global\UI</Filter>
    </ClCompile>
    <ClCompile Include="PlayerEnergyBar.cpp">
      <Filter>Actor\Play\Global\UI</Filter>
    </ClCompile>
    <ClCompile Include="PlayerCustomBoard.cpp">
      <Filter>Actor\Custom</Filter>
    </ClCompile>
    <ClCompile Include="RightArrow.cpp">
      <Filter>Actor\Custom</Filter>
    </ClCompile>
    <ClCompile Include="LeftArrow.cpp">
      <Filter>Actor\Custom</Filter>
    </ClCompile>
    <ClCompile Include="PlayerBackGround.cpp">
      <Filter>Actor\Custom</Filter>
    </ClCompile>
    <ClCompile Include="IntroLevel.cpp">
      <Filter>Level</Filter>
    </ClCompile>
    <ClCompile Include="MyHouse.cpp">
      <Filter>Actor\Play\Buildings</Filter>
    </ClCompile>
    <ClCompile Include="Player.cpp">
      <Filter>Actor\Play\Global\Player</Filter>
    </ClCompile>
    <ClCompile Include="Mouse.cpp">
      <Filter>Actor\Global</Filter>
    </ClCompile>
    <ClCompile Include="Inventory.cpp">
      <Filter>Actor\Play\Global\Inventory</Filter>
    </ClCompile>
    <ClCompile Include="InventroyBox.cpp">
      <Filter>Actor\Play\Global\Inventory</Filter>
    </ClCompile>
    <ClCompile Include="InventoryExit.cpp">
      <Filter>Actor\Play\Global\Inventory</Filter>
    </ClCompile>
    <ClCompile Include="Items.cpp">
      <Filter>Actor\Play\Global\Item</Filter>
    </ClCompile>
    <ClCompile Include="MyFarmLevel.cpp">
      <Filter>Level</Filter>
    </ClCompile>
    <ClCompile Include="MyHouseLevel.cpp">
      <Filter>Level</Filter>
    </ClCompile>
    <ClCompile Include="TownLevel.cpp">
      <Filter>Level</Filter>
    </ClCompile>
    <ClCompile Include="WildHorseradish.cpp">
      <Filter>Actor\Play\Global\Item</Filter>
    </ClCompile>
    <ClCompile Include="Hoe.cpp">
      <Filter>Actor\Play\Global\Item</Filter>
    </ClCompile>
    <ClCompile Include="Weeds.cpp">
      <Filter>Actor\Play\Global\Item</Filter>
    </ClCompile>
  </ItemGroup>
  <ItemGroup>
    <ClInclude Include="StardewValley.h" />
    <ClInclude Include="TitleLevel.h">
      <Filter>Level</Filter>
    </ClInclude>
    <ClInclude Include="TitleLogo.h">
      <Filter>Actor\Title</Filter>
    </ClInclude>
    <ClInclude Include="Monster.h">
      <Filter>Actor\Play</Filter>
    </ClInclude>
    <ClInclude Include="TitleBackGround.h">
      <Filter>Actor\Title</Filter>
    </ClInclude>
    <ClInclude Include="TitleCloud.h">
      <Filter>Actor\Title</Filter>
    </ClInclude>
    <ClInclude Include="MenuExit.h">
      <Filter>Actor\Title\Menu</Filter>
    </ClInclude>
    <ClInclude Include="MenuLoad.h">
      <Filter>Actor\Title\Menu</Filter>
    </ClInclude>
    <ClInclude Include="MenuNewGame.h">
      <Filter>Actor\Title\Menu</Filter>
    </ClInclude>
    <ClInclude Include="MainUI.h">
      <Filter>Actor\Play\Global\UI</Filter>
    </ClInclude>
    <ClInclude Include="PlayerEnergyFrame.h">
      <Filter>Actor\Play\Global\UI</Filter>
    </ClInclude>
    <ClInclude Include="PlayerEnergyBar.h">
      <Filter>Actor\Play\Global\UI</Filter>
    </ClInclude>
    <ClInclude Include="PlayerCustomBoard.h">
      <Filter>Actor\Custom</Filter>
    </ClInclude>
    <ClInclude Include="RightArrow.h">
      <Filter>Actor\Custom</Filter>
    </ClInclude>
    <ClInclude Include="LeftArrow.h">
      <Filter>Actor\Custom</Filter>
    </ClInclude>
    <ClInclude Include="PlayerBackGround.h">
      <Filter>Actor\Custom</Filter>
    </ClInclude>
    <ClInclude Include="IntroLevel.h">
      <Filter>Level</Filter>
    </ClInclude>
    <ClInclude Include="MyHouse.h">
      <Filter>Actor\Play\Buildings</Filter>
    </ClInclude>
    <ClInclude Include="PlayerEnum.h">
      <Filter>Actor\GlobalEnum</Filter>
    </ClInclude>
    <ClInclude Include="Player.h">
      <Filter>Actor\Play\Global\Player</Filter>
    </ClInclude>
    <ClInclude Include="RendererEnum.h">
      <Filter>Actor\GlobalEnum</Filter>
    </ClInclude>
    <ClInclude Include="Mouse.h">
      <Filter>Actor\Global</Filter>
    </ClInclude>
    <ClInclude Include="Inventory.h">
      <Filter>Actor\Play\Global\Inventory</Filter>
    </ClInclude>
    <ClInclude Include="InventroyBox.h">
      <Filter>Actor\Play\Global\Inventory</Filter>
    </ClInclude>
    <ClInclude Include="ItemCode.h">
      <Filter>Actor\GlobalEnum</Filter>
    </ClInclude>
    <ClInclude Include="ItemData.h">
      <Filter>Actor\Play\Global\Item</Filter>
    </ClInclude>
    <ClInclude Include="InventoryExit.h">
      <Filter>Actor\Play\Global\Inventory</Filter>
    </ClInclude>
    <ClInclude Include="Items.h">
      <Filter>Actor\Play\Global\Item</Filter>
    </ClInclude>
    <ClInclude Include="MyFarmLevel.h">
      <Filter>Level</Filter>
    </ClInclude>
    <ClInclude Include="MyHouseLevel.h">
      <Filter>Level</Filter>
    </ClInclude>
    <ClInclude Include="TownLevel.h">
      <Filter>Level</Filter>
    </ClInclude>
    <ClInclude Include="WildHorseradish.h">
      <Filter>Actor\Play\Global\Item</Filter>
    </ClInclude>
    <ClInclude Include="Hoe.h">
      <Filter>Actor\Play\Global\Item</Filter>
    </ClInclude>
    <ClInclude Include="ToolEnum.h">
      <Filter>Actor\GlobalEnum</Filter>
    </ClInclude>
    <ClInclude Include="PlayerData.h">
      <Filter>Actor\Play\Global\Player</Filter>
    </ClInclude>
    <ClInclude Include="Weeds.h">
      <Filter>Actor\Play\Global\Item</Filter>
    </ClInclude>
  </ItemGroup>
  <ItemGroup>
    <Filter Include="Level">
      <UniqueIdentifier>{3fdc01d6-f74f-4c06-8337-fcfead66623d}</UniqueIdentifier>
    </Filter>
    <Filter Include="Actor">
      <UniqueIdentifier>{81500ed8-0775-4f2e-8f3f-5cb70a8cfb1a}</UniqueIdentifier>
    </Filter>
    <Filter Include="Actor\Play">
      <UniqueIdentifier>{2b9a7125-e5c4-4740-931d-18dd34a3f8d4}</UniqueIdentifier>
    </Filter>
    <Filter Include="Actor\Play\Global">
      <UniqueIdentifier>{d6a178bf-fc85-411e-b93b-0559d30324c4}</UniqueIdentifier>
    </Filter>
    <Filter Include="Actor\Play\Global\UI">
      <UniqueIdentifier>{54011bab-08ea-4755-ae2a-767059796564}</UniqueIdentifier>
    </Filter>
    <Filter Include="Actor\Play\Global\Player">
      <UniqueIdentifier>{12175836-2593-4357-aa29-8227fda684d2}</UniqueIdentifier>
    </Filter>
    <Filter Include="Actor\Play\Global\Inventory">
      <UniqueIdentifier>{0c93c102-3041-46d1-9ab5-18ae840e954d}</UniqueIdentifier>
    </Filter>
    <Filter Include="Actor\Play\Global\GameTime">
      <UniqueIdentifier>{76837e91-0396-4cd9-ba19-b24879c1900a}</UniqueIdentifier>
    </Filter>
    <Filter Include="Actor\Title">
      <UniqueIdentifier>{cd82154b-1470-4a17-b710-3d828bf9cce3}</UniqueIdentifier>
    </Filter>
    <Filter Include="Actor\Title\Menu">
      <UniqueIdentifier>{65853773-2cc8-4118-aa08-455b2166b485}</UniqueIdentifier>
    </Filter>
    <Filter Include="Actor\Custom">
      <UniqueIdentifier>{ad173118-410b-4507-85c6-69f87d0afc7e}</UniqueIdentifier>
    </Filter>
    <Filter Include="Actor\Play\Buildings">
      <UniqueIdentifier>{192a0a27-f530-43a4-a4f9-3c4b8cc1df2e}</UniqueIdentifier>
    </Filter>
    <Filter Include="Actor\Play\NPC">
      <UniqueIdentifier>{d3ffba0c-12d1-4fa2-8a35-e9f19a2f687f}</UniqueIdentifier>
    </Filter>
    <Filter Include="Actor\Play\Global\Item">
      <UniqueIdentifier>{b6823ce8-4576-45c1-9310-bcb1ea10b587}</UniqueIdentifier>
    </Filter>
    <Filter Include="Actor\GlobalEnum">
      <UniqueIdentifier>{908e33e0-26a8-407b-b705-f8e6fea6ba37}</UniqueIdentifier>
    </Filter>
    <Filter Include="Actor\Global">
      <UniqueIdentifier>{b63f880a-300f-4acf-a371-24a83b8253d3}</UniqueIdentifier>
    </Filter>
  </ItemGroup>
</Project>