<?xml version="1.0" encoding="utf-8"?>
<Project ToolsVersion="4.0" xmlns="http://schemas.microsoft.com/developer/msbuild/2003">
  <ItemGroup>
    <ClCompile Include="StardewValley.cpp" />
    <ClCompile Include="TitleLevel.cpp">
      <Filter>Level</Filter>
    </ClCompile>
    <ClCompile Include="TitleLogo.cpp">
      <Filter>Actor\02. Title</Filter>
    </ClCompile>
    <ClCompile Include="Monster.cpp">
      <Filter>Actor\03. Play</Filter>
    </ClCompile>
    <ClCompile Include="MenuExit.cpp">
      <Filter>Actor\02. Title\Menu</Filter>
    </ClCompile>
    <ClCompile Include="MenuLoad.cpp">
      <Filter>Actor\02. Title\Menu</Filter>
    </ClCompile>
    <ClCompile Include="MenuNewGame.cpp">
      <Filter>Actor\02. Title\Menu</Filter>
    </ClCompile>
    <ClCompile Include="MainUI.cpp">
      <Filter>Actor\03. Play\UI</Filter>
    </ClCompile>
    <ClCompile Include="PlayerEnergyFrame.cpp">
      <Filter>Actor\03. Play\UI</Filter>
    </ClCompile>
    <ClCompile Include="PlayerEnergyBar.cpp">
      <Filter>Actor\03. Play\UI</Filter>
    </ClCompile>
    <ClCompile Include="PlayerCustomBoard.cpp">
      <Filter>Actor\Custom</Filter>
    </ClCompile>
    <ClCompile Include="RightArrow.cpp">
      <Filter>Actor\Custom</Filter>
    </ClCompile>
    <ClCompile Include="LeftArrow.cpp">
      <Filter>Actor\Custom</Filter>
    </ClCompile>
    <ClCompile Include="PlayerBackGround.cpp">
      <Filter>Actor\Custom</Filter>
    </ClCompile>
    <ClCompile Include="IntroLevel.cpp">
      <Filter>Level</Filter>
    </ClCompile>
    <ClCompile Include="MyHouse.cpp">
      <Filter>Actor\03. Play\Buildings</Filter>
    </ClCompile>
    <ClCompile Include="Player.cpp">
      <Filter>Actor\03. Play\Player</Filter>
    </ClCompile>
    <ClCompile Include="Mouse.cpp">
      <Filter>Actor\01. GlobalActor</Filter>
    </ClCompile>
    <ClCompile Include="Inventory.cpp">
      <Filter>Actor\03. Play\Inventory</Filter>
    </ClCompile>
    <ClCompile Include="InventroyBox.cpp">
      <Filter>Actor\03. Play\Inventory</Filter>
    </ClCompile>
    <ClCompile Include="MyFarmLevel.cpp">
      <Filter>Level</Filter>
    </ClCompile>
    <ClCompile Include="TownLevel.cpp">
      <Filter>Level</Filter>
    </ClCompile>
    <ClCompile Include="BackGround.cpp">
      <Filter>Actor\01. GlobalActor</Filter>
    </ClCompile>
    <ClCompile Include="FixedPlayerColl.cpp">
      <Filter>Actor\01. GlobalActor</Filter>
    </ClCompile>
    <ClCompile Include="InventoryCurrentFrame.cpp">
      <Filter>Actor\03. Play\Inventory</Filter>
    </ClCompile>
    <ClCompile Include="PlayerHouse.cpp">
      <Filter>Actor\03. Play\Obejct\buildings</Filter>
    </ClCompile>
    <ClCompile Include="Hoe.cpp">
      <Filter>Actor\03. Play\Obejct\Tool</Filter>
    </ClCompile>
    <ClCompile Include="Block.cpp">
      <Filter>Actor\03. Play\Obejct\MapCollisionBlock</Filter>
    </ClCompile>
    <ClCompile Include="Tv.cpp">
      <Filter>Actor\03. Play\Obejct\Furniture</Filter>
    </ClCompile>
    <ClCompile Include="BadTop.cpp">
      <Filter>Actor\03. Play\Obejct\Furniture</Filter>
    </ClCompile>
    <ClCompile Include="BadBottom.cpp">
      <Filter>Actor\03. Play\Obejct\Furniture</Filter>
    </ClCompile>
    <ClCompile Include="Table.cpp">
      <Filter>Actor\03. Play\Obejct\Furniture</Filter>
    </ClCompile>
    <ClCompile Include="Chair.cpp">
      <Filter>Actor\03. Play\Obejct\Furniture</Filter>
    </ClCompile>
    <ClCompile Include="MyHouseLevel.cpp">
      <Filter>Level</Filter>
    </ClCompile>
    <ClCompile Include="Hitter.cpp">
      <Filter>Actor\03. Play\Obejct\Furniture</Filter>
    </ClCompile>
    <ClCompile Include="MoveFarm.cpp">
      <Filter>Actor\03. Play\Obejct\MapCollisionBlock</Filter>
    </ClCompile>
    <ClCompile Include="MapColl.cpp">
      <Filter>Actor\01. GlobalActor</Filter>
    </ClCompile>
    <ClCompile Include="MoveHouse.cpp">
      <Filter>Actor\03. Play\Obejct\MapCollisionBlock</Filter>
    </ClCompile>
    <ClCompile Include="BusStopLevel.cpp">
      <Filter>Level</Filter>
    </ClCompile>
    <ClCompile Include="MoveBusStop.cpp">
      <Filter>Actor\03. Play\Obejct\MapCollisionBlock</Filter>
    </ClCompile>
    <ClCompile Include="MoveTown.cpp">
      <Filter>Actor\03. Play\Obejct\MapCollisionBlock</Filter>
    </ClCompile>
    <ClCompile Include="MoveForest.cpp">
      <Filter>Actor\03. Play\Obejct\MapCollisionBlock</Filter>
    </ClCompile>
    <ClCompile Include="PlayLevel.cpp">
      <Filter>Level</Filter>
    </ClCompile>
    <ClCompile Include="Watering_Can.cpp">
      <Filter>Actor\03. Play\Obejct\Tool</Filter>
    </ClCompile>
    <ClCompile Include="Pickaxe.cpp">
      <Filter>Actor\03. Play\Obejct\Tool</Filter>
    </ClCompile>
    <ClCompile Include="Scythe.cpp">
      <Filter>Actor\03. Play\Obejct\Tool</Filter>
    </ClCompile>
    <ClCompile Include="Axe.cpp">
      <Filter>Actor\03. Play\Obejct\Tool</Filter>
    </ClCompile>
    <ClCompile Include="PlayerState.cpp">
      <Filter>Actor\03. Play\Player</Filter>
    </ClCompile>
    <ClCompile Include="PlayerTile.cpp">
      <Filter>Actor\03. Play\Player</Filter>
    </ClCompile>
    <ClCompile Include="Font.cpp">
      <Filter>Actor\01. GlobalActor</Filter>
    </ClCompile>
    <ClCompile Include="PlayerHandItem.cpp">
      <Filter>Actor\03. Play\Player</Filter>
    </ClCompile>
    <ClCompile Include="Parsnip_Seeds.cpp">
      <Filter>Actor\03. Play\Obejct\Farming\Seed</Filter>
    </ClCompile>
    <ClCompile Include="Parsnip_Crops.cpp">
      <Filter>Actor\03. Play\Obejct\Farming\Crops</Filter>
    </ClCompile>
    <ClCompile Include="Items.cpp">
      <Filter>Actor\03. Play\Obejct</Filter>
    </ClCompile>
    <ClCompile Include="TreeTop.cpp">
      <Filter>Actor\03. Play\Obejct\MapObject</Filter>
    </ClCompile>
    <ClCompile Include="TreeBottom.cpp">
      <Filter>Actor\03. Play\Obejct\MapObject</Filter>
    </ClCompile>
    <ClCompile Include="SmallWood2.cpp">
      <Filter>Actor\03. Play\Obejct\MapObject</Filter>
    </ClCompile>
    <ClCompile Include="SmallWood1.cpp">
      <Filter>Actor\03. Play\Obejct\MapObject</Filter>
    </ClCompile>
    <ClCompile Include="SmallStone.cpp">
      <Filter>Actor\03. Play\Obejct\MapObject</Filter>
    </ClCompile>
    <ClCompile Include="MoveShop.cpp">
      <Filter>Actor\03. Play\Obejct\MapCollisionBlock</Filter>
    </ClCompile>
    <ClCompile Include="ShopLevel.cpp">
      <Filter>Level</Filter>
    </ClCompile>
    <ClCompile Include="ShopFlag.cpp">
      <Filter>Actor\03. Play\Obejct\MapCollisionBlock</Filter>
    </ClCompile>
    <ClCompile Include="Shop.cpp">
      <Filter>Actor\03. Play\Shop</Filter>
    </ClCompile>
    <ClCompile Include="ShopItem.cpp">
      <Filter>Actor\03. Play\Shop</Filter>
    </ClCompile>
    <ClCompile Include="ParsnipSeeds_Shop.cpp">
      <Filter>Actor\03. Play\Shop\ShopItemList</Filter>
    </ClCompile>
    <ClCompile Include="BeanStarter_Shop.cpp">
      <Filter>Actor\03. Play\Shop\ShopItemList</Filter>
    </ClCompile>
    <ClCompile Include="CauliflowerSeeds_Shop.cpp">
      <Filter>Actor\03. Play\Shop\ShopItemList</Filter>
    </ClCompile>
    <ClCompile Include="PatatoSeeds_Shop.cpp">
      <Filter>Actor\03. Play\Shop\ShopItemList</Filter>
    </ClCompile>
    <ClCompile Include="TulipBulb_Shop.cpp">
      <Filter>Actor\03. Play\Shop\ShopItemList</Filter>
    </ClCompile>
    <ClCompile Include="KaleSeeds_Shop.cpp">
      <Filter>Actor\03. Play\Shop\ShopItemList</Filter>
    </ClCompile>
    <ClCompile Include="JazzSeeds_Shop.cpp">
      <Filter>Actor\03. Play\Shop\ShopItemList</Filter>
    </ClCompile>
    <ClCompile Include="Parsnip_Shop.cpp">
      <Filter>Actor\03. Play\Shop\ShopItemList</Filter>
    </ClCompile>
    <ClCompile Include="Dandelion_Shop.cpp">
      <Filter>Actor\03. Play\Shop\ShopItemList</Filter>
    </ClCompile>
    <ClCompile Include="Daffodil_Shop.cpp">
      <Filter>Actor\03. Play\Shop\ShopItemList</Filter>
    </ClCompile>
    <ClCompile Include="ExitBotton.cpp">
      <Filter>Actor\01. GlobalActor</Filter>
    </ClCompile>
    <ClCompile Include="Cauliflower_Crops.cpp">
      <Filter>Actor\03. Play\Obejct\Farming\Crops</Filter>
    </ClCompile>
    <ClCompile Include="Bean_Crops.cpp">
      <Filter>Actor\03. Play\Obejct\Farming\Crops</Filter>
    </ClCompile>
    <ClCompile Include="Potato_Crops.cpp">
      <Filter>Actor\03. Play\Obejct\Farming\Crops</Filter>
    </ClCompile>
    <ClCompile Include="Jazz_Crops.cpp">
      <Filter>Actor\03. Play\Obejct\Farming\Crops</Filter>
    </ClCompile>
    <ClCompile Include="Tulip_Crops.cpp">
      <Filter>Actor\03. Play\Obejct\Farming\Crops</Filter>
    </ClCompile>
    <ClCompile Include="Cauliflower_Seeds.cpp">
      <Filter>Actor\03. Play\Obejct\Farming\Seed</Filter>
    </ClCompile>
    <ClCompile Include="Potato_Seeds.cpp">
      <Filter>Actor\03. Play\Obejct\Farming\Seed</Filter>
    </ClCompile>
    <ClCompile Include="Tulip_Seeds.cpp">
      <Filter>Actor\03. Play\Obejct\Farming\Seed</Filter>
    </ClCompile>
    <ClCompile Include="Jazz_Seeds.cpp">
      <Filter>Actor\03. Play\Obejct\Farming\Seed</Filter>
    </ClCompile>
    <ClCompile Include="Bean_Seeds.cpp">
      <Filter>Actor\03. Play\Obejct\Farming\Seed</Filter>
    </ClCompile>
    <ClCompile Include="Kale_Seeds.cpp">
      <Filter>Actor\03. Play\Obejct\Farming\Seed</Filter>
    </ClCompile>
    <ClCompile Include="Bean.cpp">
      <Filter>Actor\03. Play\Obejct\Item</Filter>
    </ClCompile>
    <ClCompile Include="Daffodil.cpp">
      <Filter>Actor\03. Play\Obejct\Item</Filter>
    </ClCompile>
    <ClCompile Include="Dandelion.cpp">
      <Filter>Actor\03. Play\Obejct\Item</Filter>
    </ClCompile>
    <ClCompile Include="DropStone.cpp">
      <Filter>Actor\03. Play\Obejct\Item</Filter>
    </ClCompile>
    <ClCompile Include="DropWood.cpp">
      <Filter>Actor\03. Play\Obejct\Item</Filter>
    </ClCompile>
    <ClCompile Include="Pasnip.cpp">
      <Filter>Actor\03. Play\Obejct\Item</Filter>
    </ClCompile>
    <ClCompile Include="Potato.cpp">
      <Filter>Actor\03. Play\Obejct\Item</Filter>
    </ClCompile>
    <ClCompile Include="Weeds.cpp">
      <Filter>Actor\03. Play\Obejct\Item</Filter>
    </ClCompile>
    <ClCompile Include="WildHorseradish.cpp">
      <Filter>Actor\03. Play\Obejct\Item</Filter>
    </ClCompile>
    <ClCompile Include="Kale_Crops.cpp">
      <Filter>Actor\03. Play\Obejct\Farming\Crops</Filter>
    </ClCompile>
    <ClCompile Include="Kale.cpp">
      <Filter>Actor\03. Play\Obejct\Item</Filter>
    </ClCompile>
    <ClCompile Include="Crops.cpp">
      <Filter>Actor\03. Play\Obejct</Filter>
    </ClCompile>
    <ClCompile Include="Jazz.cpp">
      <Filter>Actor\03. Play\Obejct\Item</Filter>
    </ClCompile>
    <ClCompile Include="Tulip.cpp">
      <Filter>Actor\03. Play\Obejct\Item</Filter>
    </ClCompile>
    <ClCompile Include="Cauliflower.cpp">
      <Filter>Actor\03. Play\Obejct\Item</Filter>
    </ClCompile>
    <ClCompile Include="Pierre.cpp">
      <Filter>Actor\03. Play\NPC</Filter>
    </ClCompile>
    <ClCompile Include="Npc.cpp">
      <Filter>Actor\03. Play\Obejct</Filter>
    </ClCompile>
    <ClCompile Include="DialogueBox.cpp">
      <Filter>Actor\03. Play\NPC</Filter>
    </ClCompile>
    <ClCompile Include="Title.cpp">
      <Filter>Actor\02. Title</Filter>
    </ClCompile>
    <ClCompile Include="Bird.cpp">
      <Filter>Actor\02. Title</Filter>
    </ClCompile>
    <ClCompile Include="GiftBox.cpp">
      <Filter>Actor\03. Play\Obejct\Item</Filter>
    </ClCompile>
    <ClCompile Include="EmptyItem.cpp">
      <Filter>Actor\03. Play\Obejct\Item</Filter>
    </ClCompile>
    <ClCompile Include="Particles.cpp">
      <Filter>Actor\03. Play\Obejct\Effect</Filter>
    </ClCompile>
    <ClCompile Include="Effect.cpp">
      <Filter>Actor\03. Play\Obejct</Filter>
    </ClCompile>
    <ClCompile Include="StoneEffect.cpp">
      <Filter>Actor\03. Play\Obejct\Effect</Filter>
    </ClCompile>
    <ClCompile Include="WoodEffect.cpp">
      <Filter>Actor\03. Play\Obejct\Effect</Filter>
    </ClCompile>
  </ItemGroup>
  <ItemGroup>
    <ClInclude Include="StardewValley.h" />
    <ClInclude Include="TitleLevel.h">
      <Filter>Level</Filter>
    </ClInclude>
    <ClInclude Include="TitleLogo.h">
      <Filter>Actor\02. Title</Filter>
    </ClInclude>
    <ClInclude Include="Monster.h">
      <Filter>Actor\03. Play</Filter>
    </ClInclude>
    <ClInclude Include="MenuExit.h">
      <Filter>Actor\02. Title\Menu</Filter>
    </ClInclude>
    <ClInclude Include="MenuLoad.h">
      <Filter>Actor\02. Title\Menu</Filter>
    </ClInclude>
    <ClInclude Include="MenuNewGame.h">
      <Filter>Actor\02. Title\Menu</Filter>
    </ClInclude>
    <ClInclude Include="MainUI.h">
      <Filter>Actor\03. Play\UI</Filter>
    </ClInclude>
    <ClInclude Include="PlayerEnergyFrame.h">
      <Filter>Actor\03. Play\UI</Filter>
    </ClInclude>
    <ClInclude Include="PlayerEnergyBar.h">
      <Filter>Actor\03. Play\UI</Filter>
    </ClInclude>
    <ClInclude Include="PlayerCustomBoard.h">
      <Filter>Actor\Custom</Filter>
    </ClInclude>
    <ClInclude Include="RightArrow.h">
      <Filter>Actor\Custom</Filter>
    </ClInclude>
    <ClInclude Include="LeftArrow.h">
      <Filter>Actor\Custom</Filter>
    </ClInclude>
    <ClInclude Include="PlayerBackGround.h">
      <Filter>Actor\Custom</Filter>
    </ClInclude>
    <ClInclude Include="IntroLevel.h">
      <Filter>Level</Filter>
    </ClInclude>
    <ClInclude Include="MyHouse.h">
      <Filter>Actor\03. Play\Buildings</Filter>
    </ClInclude>
    <ClInclude Include="PlayerSpriteData.h">
      <Filter>Actor\00. GlobalData</Filter>
    </ClInclude>
    <ClInclude Include="Player.h">
      <Filter>Actor\03. Play\Player</Filter>
    </ClInclude>
    <ClInclude Include="RendererData.h">
      <Filter>Actor\00. GlobalData</Filter>
    </ClInclude>
    <ClInclude Include="Mouse.h">
      <Filter>Actor\01. GlobalActor</Filter>
    </ClInclude>
    <ClInclude Include="Inventory.h">
      <Filter>Actor\03. Play\Inventory</Filter>
    </ClInclude>
    <ClInclude Include="InventroyBox.h">
      <Filter>Actor\03. Play\Inventory</Filter>
    </ClInclude>
    <ClInclude Include="ItemCode.h">
      <Filter>Actor\00. GlobalData</Filter>
    </ClInclude>
    <ClInclude Include="MyFarmLevel.h">
      <Filter>Level</Filter>
    </ClInclude>
    <ClInclude Include="TownLevel.h">
      <Filter>Level</Filter>
    </ClInclude>
    <ClInclude Include="ToolData.h">
      <Filter>Actor\00. GlobalData</Filter>
    </ClInclude>
    <ClInclude Include="GameData.h">
      <Filter>Actor\00. GlobalData</Filter>
    </ClInclude>
    <ClInclude Include="BackGround.h">
      <Filter>Actor\01. GlobalActor</Filter>
    </ClInclude>
    <ClInclude Include="FixedPlayerColl.h">
      <Filter>Actor\01. GlobalActor</Filter>
    </ClInclude>
    <ClInclude Include="InventoryCurrentFrame.h">
      <Filter>Actor\03. Play\Inventory</Filter>
    </ClInclude>
    <ClInclude Include="PlayerHouse.h">
      <Filter>Actor\03. Play\Obejct\buildings</Filter>
    </ClInclude>
    <ClInclude Include="Hoe.h">
      <Filter>Actor\03. Play\Obejct\Tool</Filter>
    </ClInclude>
    <ClInclude Include="Block.h">
      <Filter>Actor\03. Play\Obejct\MapCollisionBlock</Filter>
    </ClInclude>
    <ClInclude Include="Tv.h">
      <Filter>Actor\03. Play\Obejct\Furniture</Filter>
    </ClInclude>
    <ClInclude Include="BadTop.h">
      <Filter>Actor\03. Play\Obejct\Furniture</Filter>
    </ClInclude>
    <ClInclude Include="BadBottom.h">
      <Filter>Actor\03. Play\Obejct\Furniture</Filter>
    </ClInclude>
    <ClInclude Include="Table.h">
      <Filter>Actor\03. Play\Obejct\Furniture</Filter>
    </ClInclude>
    <ClInclude Include="Chair.h">
      <Filter>Actor\03. Play\Obejct\Furniture</Filter>
    </ClInclude>
    <ClInclude Include="MyHouseLevel.h">
      <Filter>Level</Filter>
    </ClInclude>
    <ClInclude Include="Hitter.h">
      <Filter>Actor\03. Play\Obejct\Furniture</Filter>
    </ClInclude>
    <ClInclude Include="MoveFarm.h">
      <Filter>Actor\03. Play\Obejct\MapCollisionBlock</Filter>
    </ClInclude>
    <ClInclude Include="MapColl.h">
      <Filter>Actor\01. GlobalActor</Filter>
    </ClInclude>
    <ClInclude Include="MoveHouse.h">
      <Filter>Actor\03. Play\Obejct\MapCollisionBlock</Filter>
    </ClInclude>
    <ClInclude Include="TileData.h">
      <Filter>Actor\00. GlobalData</Filter>
    </ClInclude>
    <ClInclude Include="PlayerData.h">
      <Filter>Actor\00. GlobalData</Filter>
    </ClInclude>
    <ClInclude Include="BusStopLevel.h">
      <Filter>Level</Filter>
    </ClInclude>
    <ClInclude Include="MoveBusStop.h">
      <Filter>Actor\03. Play\Obejct\MapCollisionBlock</Filter>
    </ClInclude>
    <ClInclude Include="MoveTown.h">
      <Filter>Actor\03. Play\Obejct\MapCollisionBlock</Filter>
    </ClInclude>
    <ClInclude Include="MoveForest.h">
      <Filter>Actor\03. Play\Obejct\MapCollisionBlock</Filter>
    </ClInclude>
    <ClInclude Include="PlayLevel.h">
      <Filter>Level</Filter>
    </ClInclude>
    <ClInclude Include="Watering_Can.h">
      <Filter>Actor\03. Play\Obejct\Tool</Filter>
    </ClInclude>
    <ClInclude Include="Pickaxe.h">
      <Filter>Actor\03. Play\Obejct\Tool</Filter>
    </ClInclude>
    <ClInclude Include="Scythe.h">
      <Filter>Actor\03. Play\Obejct\Tool</Filter>
    </ClInclude>
    <ClInclude Include="Axe.h">
      <Filter>Actor\03. Play\Obejct\Tool</Filter>
    </ClInclude>
    <ClInclude Include="Font.h">
      <Filter>Actor\01. GlobalActor</Filter>
    </ClInclude>
    <ClInclude Include="PlayerHandItem.h">
      <Filter>Actor\03. Play\Player</Filter>
    </ClInclude>
    <ClInclude Include="CropsData.h">
      <Filter>Actor\00. GlobalData</Filter>
    </ClInclude>
    <ClInclude Include="Parsnip_Seeds.h">
      <Filter>Actor\03. Play\Obejct\Farming\Seed</Filter>
    </ClInclude>
    <ClInclude Include="Parsnip_Crops.h">
      <Filter>Actor\03. Play\Obejct\Farming\Crops</Filter>
    </ClInclude>
    <ClInclude Include="Items.h">
      <Filter>Actor\03. Play\Obejct</Filter>
    </ClInclude>
    <ClInclude Include="TreeTop.h">
      <Filter>Actor\03. Play\Obejct\MapObject</Filter>
    </ClInclude>
    <ClInclude Include="TreeBottom.h">
      <Filter>Actor\03. Play\Obejct\MapObject</Filter>
    </ClInclude>
    <ClInclude Include="SmallWood2.h">
      <Filter>Actor\03. Play\Obejct\MapObject</Filter>
    </ClInclude>
    <ClInclude Include="SmallWood1.h">
      <Filter>Actor\03. Play\Obejct\MapObject</Filter>
    </ClInclude>
    <ClInclude Include="SmallStone.h">
      <Filter>Actor\03. Play\Obejct\MapObject</Filter>
    </ClInclude>
    <ClInclude Include="MoveShop.h">
      <Filter>Actor\03. Play\Obejct\MapCollisionBlock</Filter>
    </ClInclude>
    <ClInclude Include="ShopLevel.h">
      <Filter>Level</Filter>
    </ClInclude>
    <ClInclude Include="ShopFlag.h">
      <Filter>Actor\03. Play\Obejct\MapCollisionBlock</Filter>
    </ClInclude>
    <ClInclude Include="Shop.h">
      <Filter>Actor\03. Play\Shop</Filter>
    </ClInclude>
    <ClInclude Include="ShopItem.h">
      <Filter>Actor\03. Play\Shop</Filter>
    </ClInclude>
    <ClInclude Include="ParsnipSeeds_Shop.h">
      <Filter>Actor\03. Play\Shop\ShopItemList</Filter>
    </ClInclude>
    <ClInclude Include="BeanStarter_Shop.h">
      <Filter>Actor\03. Play\Shop\ShopItemList</Filter>
    </ClInclude>
    <ClInclude Include="CauliflowerSeeds_Shop.h">
      <Filter>Actor\03. Play\Shop\ShopItemList</Filter>
    </ClInclude>
    <ClInclude Include="PatatoSeeds_Shop.h">
      <Filter>Actor\03. Play\Shop\ShopItemList</Filter>
    </ClInclude>
    <ClInclude Include="TulipBulb_Shop.h">
      <Filter>Actor\03. Play\Shop\ShopItemList</Filter>
    </ClInclude>
    <ClInclude Include="KaleSeeds_Shop.h">
      <Filter>Actor\03. Play\Shop\ShopItemList</Filter>
    </ClInclude>
    <ClInclude Include="JazzSeeds_Shop.h">
      <Filter>Actor\03. Play\Shop\ShopItemList</Filter>
    </ClInclude>
    <ClInclude Include="Parsnip_Shop.h">
      <Filter>Actor\03. Play\Shop\ShopItemList</Filter>
    </ClInclude>
    <ClInclude Include="Dandelion_Shop.h">
      <Filter>Actor\03. Play\Shop\ShopItemList</Filter>
    </ClInclude>
    <ClInclude Include="Daffodil_Shop.h">
      <Filter>Actor\03. Play\Shop\ShopItemList</Filter>
    </ClInclude>
    <ClInclude Include="ExitBotton.h">
      <Filter>Actor\01. GlobalActor</Filter>
    </ClInclude>
    <ClInclude Include="Cauliflower_Crops.h">
      <Filter>Actor\03. Play\Obejct\Farming\Crops</Filter>
    </ClInclude>
    <ClInclude Include="Bean_Crops.h">
      <Filter>Actor\03. Play\Obejct\Farming\Crops</Filter>
    </ClInclude>
    <ClInclude Include="Potato_Crops.h">
      <Filter>Actor\03. Play\Obejct\Farming\Crops</Filter>
    </ClInclude>
    <ClInclude Include="Jazz_Crops.h">
      <Filter>Actor\03. Play\Obejct\Farming\Crops</Filter>
    </ClInclude>
    <ClInclude Include="Tulip_Crops.h">
      <Filter>Actor\03. Play\Obejct\Farming\Crops</Filter>
    </ClInclude>
    <ClInclude Include="Cauliflower_Seeds.h">
      <Filter>Actor\03. Play\Obejct\Farming\Seed</Filter>
    </ClInclude>
    <ClInclude Include="Potato_Seeds.h">
      <Filter>Actor\03. Play\Obejct\Farming\Seed</Filter>
    </ClInclude>
    <ClInclude Include="Tulip_Seeds.h">
      <Filter>Actor\03. Play\Obejct\Farming\Seed</Filter>
    </ClInclude>
    <ClInclude Include="Jazz_Seeds.h">
      <Filter>Actor\03. Play\Obejct\Farming\Seed</Filter>
    </ClInclude>
    <ClInclude Include="Bean_Seeds.h">
      <Filter>Actor\03. Play\Obejct\Farming\Seed</Filter>
    </ClInclude>
    <ClInclude Include="Kale_Seeds.h">
      <Filter>Actor\03. Play\Obejct\Farming\Seed</Filter>
    </ClInclude>
    <ClInclude Include="Bean.h">
      <Filter>Actor\03. Play\Obejct\Item</Filter>
    </ClInclude>
    <ClInclude Include="Daffodil.h">
      <Filter>Actor\03. Play\Obejct\Item</Filter>
    </ClInclude>
    <ClInclude Include="Dandelion.h">
      <Filter>Actor\03. Play\Obejct\Item</Filter>
    </ClInclude>
    <ClInclude Include="DropStone.h">
      <Filter>Actor\03. Play\Obejct\Item</Filter>
    </ClInclude>
    <ClInclude Include="DropWood.h">
      <Filter>Actor\03. Play\Obejct\Item</Filter>
    </ClInclude>
    <ClInclude Include="Pasnip.h">
      <Filter>Actor\03. Play\Obejct\Item</Filter>
    </ClInclude>
    <ClInclude Include="Potato.h">
      <Filter>Actor\03. Play\Obejct\Item</Filter>
    </ClInclude>
    <ClInclude Include="Weeds.h">
      <Filter>Actor\03. Play\Obejct\Item</Filter>
    </ClInclude>
    <ClInclude Include="WildHorseradish.h">
      <Filter>Actor\03. Play\Obejct\Item</Filter>
    </ClInclude>
    <ClInclude Include="Kale_Crops.h">
      <Filter>Actor\03. Play\Obejct\Farming\Crops</Filter>
    </ClInclude>
    <ClInclude Include="Kale.h">
      <Filter>Actor\03. Play\Obejct\Item</Filter>
    </ClInclude>
    <ClInclude Include="Crops.h">
      <Filter>Actor\03. Play\Obejct</Filter>
    </ClInclude>
    <ClInclude Include="Jazz.h">
      <Filter>Actor\03. Play\Obejct\Item</Filter>
    </ClInclude>
    <ClInclude Include="Tulip.h">
      <Filter>Actor\03. Play\Obejct\Item</Filter>
    </ClInclude>
    <ClInclude Include="Cauliflower.h">
      <Filter>Actor\03. Play\Obejct\Item</Filter>
    </ClInclude>
    <ClInclude Include="Pierre.h">
      <Filter>Actor\03. Play\NPC</Filter>
    </ClInclude>
    <ClInclude Include="Npc.h">
      <Filter>Actor\03. Play\Obejct</Filter>
    </ClInclude>
    <ClInclude Include="DialogueBox.h">
      <Filter>Actor\03. Play\NPC</Filter>
    </ClInclude>
    <ClInclude Include="NpcData.h">
      <Filter>Actor\00. GlobalData</Filter>
    </ClInclude>
    <ClInclude Include="Title.h">
      <Filter>Actor\02. Title</Filter>
    </ClInclude>
    <ClInclude Include="Bird.h">
      <Filter>Actor\02. Title</Filter>
    </ClInclude>
    <ClInclude Include="GiftBox.h">
      <Filter>Actor\03. Play\Obejct\Item</Filter>
    </ClInclude>
    <ClInclude Include="EmptyItem.h">
      <Filter>Actor\03. Play\Obejct\Item</Filter>
    </ClInclude>
    <ClInclude Include="Particles.h">
      <Filter>Actor\03. Play\Obejct\Effect</Filter>
    </ClInclude>
    <ClInclude Include="Effect.h">
      <Filter>Actor\03. Play\Obejct</Filter>
    </ClInclude>
    <ClInclude Include="StoneEffect.h">
      <Filter>Actor\03. Play\Obejct\Effect</Filter>
    </ClInclude>
    <ClInclude Include="WoodEffect.h">
      <Filter>Actor\03. Play\Obejct\Effect</Filter>
    </ClInclude>
  </ItemGroup>
  <ItemGroup>
    <Filter Include="Actor">
      <UniqueIdentifier>{81500ed8-0775-4f2e-8f3f-5cb70a8cfb1a}</UniqueIdentifier>
    </Filter>
    <Filter Include="Actor\Custom">
      <UniqueIdentifier>{ad173118-410b-4507-85c6-69f87d0afc7e}</UniqueIdentifier>
    </Filter>
    <Filter Include="Level">
      <UniqueIdentifier>{3fdc01d6-f74f-4c06-8337-fcfead66623d}</UniqueIdentifier>
    </Filter>
    <Filter Include="Actor\00. GlobalData">
      <UniqueIdentifier>{908e33e0-26a8-407b-b705-f8e6fea6ba37}</UniqueIdentifier>
    </Filter>
    <Filter Include="Actor\02. Title">
      <UniqueIdentifier>{cd82154b-1470-4a17-b710-3d828bf9cce3}</UniqueIdentifier>
    </Filter>
    <Filter Include="Actor\02. Title\Menu">
      <UniqueIdentifier>{65853773-2cc8-4118-aa08-455b2166b485}</UniqueIdentifier>
    </Filter>
    <Filter Include="Actor\03. Play">
      <UniqueIdentifier>{2b9a7125-e5c4-4740-931d-18dd34a3f8d4}</UniqueIdentifier>
    </Filter>
    <Filter Include="Actor\03. Play\Buildings">
      <UniqueIdentifier>{192a0a27-f530-43a4-a4f9-3c4b8cc1df2e}</UniqueIdentifier>
    </Filter>
    <Filter Include="Actor\03. Play\NPC">
      <UniqueIdentifier>{d3ffba0c-12d1-4fa2-8a35-e9f19a2f687f}</UniqueIdentifier>
    </Filter>
    <Filter Include="Actor\01. GlobalActor">
      <UniqueIdentifier>{b63f880a-300f-4acf-a371-24a83b8253d3}</UniqueIdentifier>
    </Filter>
    <Filter Include="Actor\03. Play\Inventory">
      <UniqueIdentifier>{0c93c102-3041-46d1-9ab5-18ae840e954d}</UniqueIdentifier>
    </Filter>
    <Filter Include="Actor\03. Play\Obejct">
      <UniqueIdentifier>{b6823ce8-4576-45c1-9310-bcb1ea10b587}</UniqueIdentifier>
    </Filter>
    <Filter Include="Actor\03. Play\Obejct\buildings">
      <UniqueIdentifier>{9d549d44-4815-4517-a918-f31c9cd79189}</UniqueIdentifier>
    </Filter>
    <Filter Include="Actor\03. Play\Obejct\Furniture">
      <UniqueIdentifier>{16c55988-52a5-42a8-bc12-f5d8f359cef3}</UniqueIdentifier>
    </Filter>
    <Filter Include="Actor\03. Play\Obejct\Tool">
      <UniqueIdentifier>{bf2ef558-8502-462c-b3a3-3268d4c6fc31}</UniqueIdentifier>
    </Filter>
    <Filter Include="Actor\03. Play\Obejct\Item">
      <UniqueIdentifier>{53c2011e-28b5-42ab-8fdb-a1b3b96b3f61}</UniqueIdentifier>
    </Filter>
    <Filter Include="Actor\03. Play\Obejct\Farming">
      <UniqueIdentifier>{f82147fe-f42d-4839-8ff7-bfdf842ca330}</UniqueIdentifier>
    </Filter>
    <Filter Include="Actor\03. Play\Obejct\Farming\Seed">
      <UniqueIdentifier>{fdd2d070-ae77-4508-ac68-5b9b814032c4}</UniqueIdentifier>
    </Filter>
    <Filter Include="Actor\03. Play\Obejct\MapObject">
      <UniqueIdentifier>{c15f9684-5260-4222-bee4-d446efaf9813}</UniqueIdentifier>
    </Filter>
    <Filter Include="Actor\03. Play\Player">
      <UniqueIdentifier>{12175836-2593-4357-aa29-8227fda684d2}</UniqueIdentifier>
    </Filter>
    <Filter Include="Actor\03. Play\UI">
      <UniqueIdentifier>{54011bab-08ea-4755-ae2a-767059796564}</UniqueIdentifier>
    </Filter>
    <Filter Include="Actor\03. Play\Shop">
      <UniqueIdentifier>{a5fd3d76-7287-4952-b7d1-9214d98bf275}</UniqueIdentifier>
    </Filter>
    <Filter Include="Actor\03. Play\Shop\ShopItemList">
      <UniqueIdentifier>{febc0259-bb78-415e-987e-c751b3b9de17}</UniqueIdentifier>
    </Filter>
    <Filter Include="Actor\03. Play\Obejct\MapCollisionBlock">
      <UniqueIdentifier>{2fb373cf-46c0-4a11-8b84-fa6589acc391}</UniqueIdentifier>
    </Filter>
    <Filter Include="Actor\03. Play\Obejct\Farming\Crops">
      <UniqueIdentifier>{67fa58fc-eb51-4124-b642-16508260f0d2}</UniqueIdentifier>
    </Filter>
    <Filter Include="Actor\03. Play\Obejct\Effect">
      <UniqueIdentifier>{3eb1d130-35b3-4730-97f3-e0e1188c6ba8}</UniqueIdentifier>
    </Filter>
  </ItemGroup>
</Project>